
Microsoft Visual Studio Solution File, Format Version 12.00
# Visual Studio Version 16
VisualStudioVersion = 16.0.31729.503
MinimumVisualStudioVersion = 10.0.40219.1
Project("{FAE04EC0-301F-11D3-BF4B-00C04F79EFBC}") = "Lab2 - Part 1 Cesar", "Lab2 - Part 1 Cesar.csproj", "{A37EEFF9-DF88-4BC2-9F4D-1F030EC67499}"
EndProject
Global
	GlobalSection(SolutionConfigurationPlatforms) = preSolution
		Debug|Any CPU = Debug|Any CPU
		Release|Any CPU = Release|Any CPU
	EndGlobalSection
	GlobalSection(ProjectConfigurationPlatforms) = postSolution
		{A37EEFF9-DF88-4BC2-9F4D-1F030EC67499}.Debug|Any CPU.ActiveCfg = Debug|Any CPU
		{A37EEFF9-DF88-4BC2-9F4D-1F030EC67499}.Debug|Any CPU.Build.0 = Debug|Any CPU
		{A37EEFF9-DF88-4BC2-9F4D-1F030EC67499}.Release|Any CPU.ActiveCfg = Release|Any CPU
		{A37EEFF9-DF88-4BC2-9F4D-1F030EC67499}.Release|Any CPU.Build.0 = Release|Any CPU
	EndGlobalSection
	GlobalSection(SolutionProperties) = preSolution
		HideSolutionNode = FALSE
	EndGlobalSection
	GlobalSection(ExtensibilityGlobals) = postSolution
		SolutionGuid = {DAFA05CD-B174-49BF-A6FE-DE6354CF65ED}
	EndGlobalSection
EndGlobal
